<Solution>
  <Folder Name="/src/" />
  <Folder Name="/src/EduVote.API/">
    <Project Path="src/EduVote.API/EduVote.API.csproj" />
    <Project Path="src/EduVote.Application/EduVote.Application.csproj" />
    <Project Path="src/EduVote.DAL.Postgresql/EduVote.DAL.Postgresql.csproj" />
  </Folder>
  <Folder Name="/src/EduVote.AspireHost/">
    <Project Path="src/EduVote.AppHost/EduVote.AppHost.csproj" />
    <Project Path="src/EduVote.ServiceDefaults/EduVote.ServiceDefaults.csproj" />
  </Folder>
  <Folder Name="/tests/">
    <Project Path="tests/EduVote.Tests/EduVote.Tests.csproj" />
  </Folder>
</Solution>
